
Microsoft Visual Studio Solution File, Format Version 12.00
# Visual Studio Version 16
VisualStudioVersion = 16.0.29519.87
MinimumVisualStudioVersion = 10.0.40219.1
Project("{FAE04EC0-301F-11D3-BF4B-00C04F79EFBC}") = "BeestjeOpJeFeestje", "BeestjeOpJeFeestje\BeestjeOpJeFeestje.csproj", "{1541FE36-AB45-450F-8C55-3614935F2E56}"
EndProject
Project("{FAE04EC0-301F-11D3-BF4B-00C04F79EFBC}") = "BeestjeOpJeFeestje.Tests", "BeestjeOpJeFeestje.Tests\BeestjeOpJeFeestje.Tests.csproj", "{8941A897-395F-4E8A-B76D-5F48CDAA3DBF}"
EndProject
Project("{FAE04EC0-301F-11D3-BF4B-00C04F79EFBC}") = "BeestjeOpJeFeestje.Domain", "BeestjeOpJeFeestje.Domain\BeestjeOpJeFeestje.Domain.csproj", "{622AE539-3F30-4F5B-B2E8-12E9ED27567F}"
EndProject
Global
	GlobalSection(SolutionConfigurationPlatforms) = preSolution
		Debug|Any CPU = Debug|Any CPU
		Release|Any CPU = Release|Any CPU
	EndGlobalSection
	GlobalSection(ProjectConfigurationPlatforms) = postSolution
		{1541FE36-AB45-450F-8C55-3614935F2E56}.Debug|Any CPU.ActiveCfg = Debug|Any CPU
		{1541FE36-AB45-450F-8C55-3614935F2E56}.Debug|Any CPU.Build.0 = Debug|Any CPU
		{1541FE36-AB45-450F-8C55-3614935F2E56}.Release|Any CPU.ActiveCfg = Release|Any CPU
		{1541FE36-AB45-450F-8C55-3614935F2E56}.Release|Any CPU.Build.0 = Release|Any CPU
		{8941A897-395F-4E8A-B76D-5F48CDAA3DBF}.Debug|Any CPU.ActiveCfg = Debug|Any CPU
		{8941A897-395F-4E8A-B76D-5F48CDAA3DBF}.Debug|Any CPU.Build.0 = Debug|Any CPU
		{8941A897-395F-4E8A-B76D-5F48CDAA3DBF}.Release|Any CPU.ActiveCfg = Release|Any CPU
		{8941A897-395F-4E8A-B76D-5F48CDAA3DBF}.Release|Any CPU.Build.0 = Release|Any CPU
		{622AE539-3F30-4F5B-B2E8-12E9ED27567F}.Debug|Any CPU.ActiveCfg = Debug|Any CPU
		{622AE539-3F30-4F5B-B2E8-12E9ED27567F}.Debug|Any CPU.Build.0 = Debug|Any CPU
		{622AE539-3F30-4F5B-B2E8-12E9ED27567F}.Release|Any CPU.ActiveCfg = Release|Any CPU
		{622AE539-3F30-4F5B-B2E8-12E9ED27567F}.Release|Any CPU.Build.0 = Release|Any CPU
	EndGlobalSection
	GlobalSection(SolutionProperties) = preSolution
		HideSolutionNode = FALSE
	EndGlobalSection
	GlobalSection(ExtensibilityGlobals) = postSolution
		SolutionGuid = {B0CE1C28-D97D-4084-AE79-67B48A96A772}
	EndGlobalSection
EndGlobal
